
Microsoft Visual Studio Solution File, Format Version 12.00
# Visual Studio Version 16
VisualStudioVersion = 16.0.29519.87
MinimumVisualStudioVersion = 10.0.40219.1
Project("{2150E333-8FDC-42A3-9474-1A3956D46DE8}") = "Microservices", "Microservices", "{59F82CC7-D83F-4B24-8E34-075820F82AF9}"
EndProject
Project("{2150E333-8FDC-42A3-9474-1A3956D46DE8}") = "Domain", "Domain", "{A203A5E6-871A-4345-BEE9-8CA08F7C29EC}"
EndProject
Project("{2150E333-8FDC-42A3-9474-1A3956D46DE8}") = "Infra.Bus", "Infra.Bus", "{524CAB79-66B4-40BB-8AD3-0E696E7B7E34}"
EndProject
Project("{2150E333-8FDC-42A3-9474-1A3956D46DE8}") = "Infra.IOC", "Infra.IOC", "{D23D03B8-6486-485E-8237-880263FDB4D3}"
EndProject
Project("{2150E333-8FDC-42A3-9474-1A3956D46DE8}") = "Persentation", "Persentation", "{E91F173C-D800-43D5-BF45-B5E53B82DAEE}"
EndProject
Project("{FAE04EC0-301F-11D3-BF4B-00C04F79EFBC}") = "MicroRabbit.Domain.Core", "MicroRabbit.Domain.Core\MicroRabbit.Domain.Core.csproj", "{3A59A22B-B419-46C0-B30C-4AB5EE1A2897}"
EndProject
Global
	GlobalSection(SolutionConfigurationPlatforms) = preSolution
		Debug|Any CPU = Debug|Any CPU
		Release|Any CPU = Release|Any CPU
	EndGlobalSection
	GlobalSection(ProjectConfigurationPlatforms) = postSolution
		{3A59A22B-B419-46C0-B30C-4AB5EE1A2897}.Debug|Any CPU.ActiveCfg = Debug|Any CPU
		{3A59A22B-B419-46C0-B30C-4AB5EE1A2897}.Debug|Any CPU.Build.0 = Debug|Any CPU
		{3A59A22B-B419-46C0-B30C-4AB5EE1A2897}.Release|Any CPU.ActiveCfg = Release|Any CPU
		{3A59A22B-B419-46C0-B30C-4AB5EE1A2897}.Release|Any CPU.Build.0 = Release|Any CPU
	EndGlobalSection
	GlobalSection(SolutionProperties) = preSolution
		HideSolutionNode = FALSE
	EndGlobalSection
	GlobalSection(NestedProjects) = preSolution
		{3A59A22B-B419-46C0-B30C-4AB5EE1A2897} = {A203A5E6-871A-4345-BEE9-8CA08F7C29EC}
	EndGlobalSection
	GlobalSection(ExtensibilityGlobals) = postSolution
		SolutionGuid = {B649E093-EA05-4058-8480-3F83E0A638FA}
	EndGlobalSection
EndGlobal
